
Microsoft Visual Studio Solution File, Format Version 12.00
# Visual Studio 15
VisualStudioVersion = 15.0.27703.2035
MinimumVisualStudioVersion = 10.0.40219.1
Project("{FAE04EC0-301F-11D3-BF4B-00C04F79EFBC}") = "importarFornecedorLets", "importarFornecedorLets\importarFornecedorLets.csproj", "{68393F25-4041-4A50-9300-7AAA70A8497D}"
EndProject
Global
	GlobalSection(SolutionConfigurationPlatforms) = preSolution
		Debug|Any CPU = Debug|Any CPU
		Release|Any CPU = Release|Any CPU
	EndGlobalSection
	GlobalSection(ProjectConfigurationPlatforms) = postSolution
		{68393F25-4041-4A50-9300-7AAA70A8497D}.Debug|Any CPU.ActiveCfg = Debug|Any CPU
		{68393F25-4041-4A50-9300-7AAA70A8497D}.Debug|Any CPU.Build.0 = Debug|Any CPU
		{68393F25-4041-4A50-9300-7AAA70A8497D}.Release|Any CPU.ActiveCfg = Release|Any CPU
		{68393F25-4041-4A50-9300-7AAA70A8497D}.Release|Any CPU.Build.0 = Release|Any CPU
	EndGlobalSection
	GlobalSection(SolutionProperties) = preSolution
		HideSolutionNode = FALSE
	EndGlobalSection
	GlobalSection(ExtensibilityGlobals) = postSolution
		SolutionGuid = {BF1CCCA1-8F78-45A7-8352-6FD93D7F1E76}
	EndGlobalSection
EndGlobal
